// !$*UTF8*$!
{
	archiveVersion = 1;
	classes = {
	};
	objectVersion = 50;
	objects = {

/* Begin PBXBuildFile section */
		8E50473D229137FD002FA00B /* PointWithD.swift in Sources */ = {isa = PBXBuildFile; fileRef = 8E50473C229137FD002FA00B /* PointWithD.swift */; };
		8E50473F22913879002FA00B /* GraphManager.swift in Sources */ = {isa = PBXBuildFile; fileRef = 8E50473E22913879002FA00B /* GraphManager.swift */; };
		8E504743229194B0002FA00B /* GistogramModel.swift in Sources */ = {isa = PBXBuildFile; fileRef = 8E504742229194B0002FA00B /* GistogramModel.swift */; };
		8E8205A4222329350047C4CE /* DoubleExtension.swift in Sources */ = {isa = PBXBuildFile; fileRef = 8E8205A3222329350047C4CE /* DoubleExtension.swift */; };
		8E8205A6222330390047C4CE /* SplineHelper.swift in Sources */ = {isa = PBXBuildFile; fileRef = 8E8205A5222330390047C4CE /* SplineHelper.swift */; };
		8E8205A8222337FD0047C4CE /* Matrix.swift in Sources */ = {isa = PBXBuildFile; fileRef = 8E8205A7222337FD0047C4CE /* Matrix.swift */; };
		8E90247022705EC00058A549 /* LinearRegresion.swift in Sources */ = {isa = PBXBuildFile; fileRef = 8E90246F22705EC00058A549 /* LinearRegresion.swift */; };
		8EB7276522908FEE00A7DE2F /* Point.swift in Sources */ = {isa = PBXBuildFile; fileRef = 8EB7276422908FEE00A7DE2F /* Point.swift */; };
		8EBA7C802223E85600EF43D5 /* GRSh.swift in Sources */ = {isa = PBXBuildFile; fileRef = 8EBA7C7F2223E85600EF43D5 /* GRSh.swift */; };
		8ECAB780221420FF00077761 /* AlertHelper.swift in Sources */ = {isa = PBXBuildFile; fileRef = 8ECAB77F221420FF00077761 /* AlertHelper.swift */; };
		8ECFD0062225241B007DB76B /* CUSUM.swift in Sources */ = {isa = PBXBuildFile; fileRef = 8ECFD0052225241B007DB76B /* CUSUM.swift */; };
		8ECFD00822252994007DB76B /* DecompositionChecker.swift in Sources */ = {isa = PBXBuildFile; fileRef = 8ECFD00722252994007DB76B /* DecompositionChecker.swift */; };
		8ED6264D220C8FC700C7D41B /* AppDelegate.swift in Sources */ = {isa = PBXBuildFile; fileRef = 8ED6264C220C8FC700C7D41B /* AppDelegate.swift */; };
		8ED6264F220C8FC700C7D41B /* ViewController.swift in Sources */ = {isa = PBXBuildFile; fileRef = 8ED6264E220C8FC700C7D41B /* ViewController.swift */; };
		8ED62651220C8FC800C7D41B /* Assets.xcassets in Resources */ = {isa = PBXBuildFile; fileRef = 8ED62650220C8FC800C7D41B /* Assets.xcassets */; };
		8ED62654220C8FC800C7D41B /* Main.storyboard in Resources */ = {isa = PBXBuildFile; fileRef = 8ED62652220C8FC800C7D41B /* Main.storyboard */; };
		8ED6265F220C903600C7D41B /* Quantil.swift in Sources */ = {isa = PBXBuildFile; fileRef = 8ED6265D220C903600C7D41B /* Quantil.swift */; };
		8ED62660220C903600C7D41B /* Selection.swift in Sources */ = {isa = PBXBuildFile; fileRef = 8ED6265E220C903600C7D41B /* Selection.swift */; };
		E36AC6EB5C32DE2D00BA1676 /* Pods_IntelAnalysis.framework in Frameworks */ = {isa = PBXBuildFile; fileRef = 94BF82376D8DED2405BADEB0 /* Pods_IntelAnalysis.framework */; };
/* End PBXBuildFile section */

/* Begin PBXFileReference section */
		7E296AB29C23F09426AD3F18 /* Pods-IntelAnalysis.release.xcconfig */ = {isa = PBXFileReference; includeInIndex = 1; lastKnownFileType = text.xcconfig; name = "Pods-IntelAnalysis.release.xcconfig"; path = "Target Support Files/Pods-IntelAnalysis/Pods-IntelAnalysis.release.xcconfig"; sourceTree = "<group>"; };
		8E50473C229137FD002FA00B /* PointWithD.swift */ = {isa = PBXFileReference; lastKnownFileType = sourcecode.swift; path = PointWithD.swift; sourceTree = "<group>"; };
		8E50473E22913879002FA00B /* GraphManager.swift */ = {isa = PBXFileReference; lastKnownFileType = sourcecode.swift; path = GraphManager.swift; sourceTree = "<group>"; };
		8E504742229194B0002FA00B /* GistogramModel.swift */ = {isa = PBXFileReference; lastKnownFileType = sourcecode.swift; path = GistogramModel.swift; sourceTree = "<group>"; };
		8E8205A3222329350047C4CE /* DoubleExtension.swift */ = {isa = PBXFileReference; fileEncoding = 4; lastKnownFileType = sourcecode.swift; path = DoubleExtension.swift; sourceTree = "<group>"; };
		8E8205A5222330390047C4CE /* SplineHelper.swift */ = {isa = PBXFileReference; lastKnownFileType = sourcecode.swift; path = SplineHelper.swift; sourceTree = "<group>"; };
		8E8205A7222337FD0047C4CE /* Matrix.swift */ = {isa = PBXFileReference; fileEncoding = 4; lastKnownFileType = sourcecode.swift; path = Matrix.swift; sourceTree = "<group>"; };
		8E90246F22705EC00058A549 /* LinearRegresion.swift */ = {isa = PBXFileReference; fileEncoding = 4; lastKnownFileType = sourcecode.swift; path = LinearRegresion.swift; sourceTree = "<group>"; };
		8EB7276422908FEE00A7DE2F /* Point.swift */ = {isa = PBXFileReference; lastKnownFileType = sourcecode.swift; path = Point.swift; sourceTree = "<group>"; };
		8EBA7C7F2223E85600EF43D5 /* GRSh.swift */ = {isa = PBXFileReference; lastKnownFileType = sourcecode.swift; path = GRSh.swift; sourceTree = "<group>"; };
		8ECAB77F221420FF00077761 /* AlertHelper.swift */ = {isa = PBXFileReference; lastKnownFileType = sourcecode.swift; path = AlertHelper.swift; sourceTree = "<group>"; };
		8ECFD0052225241B007DB76B /* CUSUM.swift */ = {isa = PBXFileReference; lastKnownFileType = sourcecode.swift; path = CUSUM.swift; sourceTree = "<group>"; };
		8ECFD00722252994007DB76B /* DecompositionChecker.swift */ = {isa = PBXFileReference; lastKnownFileType = sourcecode.swift; path = DecompositionChecker.swift; sourceTree = "<group>"; };
		8ED62649220C8FC700C7D41B /* IntelAnalysis.app */ = {isa = PBXFileReference; explicitFileType = wrapper.application; includeInIndex = 0; path = IntelAnalysis.app; sourceTree = BUILT_PRODUCTS_DIR; };
		8ED6264C220C8FC700C7D41B /* AppDelegate.swift */ = {isa = PBXFileReference; lastKnownFileType = sourcecode.swift; path = AppDelegate.swift; sourceTree = "<group>"; };
		8ED6264E220C8FC700C7D41B /* ViewController.swift */ = {isa = PBXFileReference; lastKnownFileType = sourcecode.swift; path = ViewController.swift; sourceTree = "<group>"; };
		8ED62650220C8FC800C7D41B /* Assets.xcassets */ = {isa = PBXFileReference; lastKnownFileType = folder.assetcatalog; path = Assets.xcassets; sourceTree = "<group>"; };
		8ED62653220C8FC800C7D41B /* Base */ = {isa = PBXFileReference; lastKnownFileType = file.storyboard; name = Base; path = Base.lproj/Main.storyboard; sourceTree = "<group>"; };
		8ED62655220C8FC800C7D41B /* Info.plist */ = {isa = PBXFileReference; lastKnownFileType = text.plist.xml; path = Info.plist; sourceTree = "<group>"; };
		8ED62656220C8FC800C7D41B /* IntelAnalysis.entitlements */ = {isa = PBXFileReference; lastKnownFileType = text.plist.entitlements; path = IntelAnalysis.entitlements; sourceTree = "<group>"; };
		8ED6265D220C903600C7D41B /* Quantil.swift */ = {isa = PBXFileReference; fileEncoding = 4; lastKnownFileType = sourcecode.swift; path = Quantil.swift; sourceTree = "<group>"; };
		8ED6265E220C903600C7D41B /* Selection.swift */ = {isa = PBXFileReference; fileEncoding = 4; lastKnownFileType = sourcecode.swift; path = Selection.swift; sourceTree = "<group>"; };
		94BF82376D8DED2405BADEB0 /* Pods_IntelAnalysis.framework */ = {isa = PBXFileReference; explicitFileType = wrapper.framework; includeInIndex = 0; path = Pods_IntelAnalysis.framework; sourceTree = BUILT_PRODUCTS_DIR; };
		CE7E5FD9CF9A3906A86731FD /* Pods-IntelAnalysis.debug.xcconfig */ = {isa = PBXFileReference; includeInIndex = 1; lastKnownFileType = text.xcconfig; name = "Pods-IntelAnalysis.debug.xcconfig"; path = "Target Support Files/Pods-IntelAnalysis/Pods-IntelAnalysis.debug.xcconfig"; sourceTree = "<group>"; };
/* End PBXFileReference section */

/* Begin PBXFrameworksBuildPhase section */
		8ED62646220C8FC700C7D41B /* Frameworks */ = {
			isa = PBXFrameworksBuildPhase;
			buildActionMask = 2147483647;
			files = (
				E36AC6EB5C32DE2D00BA1676 /* Pods_IntelAnalysis.framework in Frameworks */,
			);
			runOnlyForDeploymentPostprocessing = 0;
		};
/* End PBXFrameworksBuildPhase section */

/* Begin PBXGroup section */
		2E02F6B006C016E9C6A29550 /* Pods */ = {
			isa = PBXGroup;
			children = (
				CE7E5FD9CF9A3906A86731FD /* Pods-IntelAnalysis.debug.xcconfig */,
				7E296AB29C23F09426AD3F18 /* Pods-IntelAnalysis.release.xcconfig */,
			);
			path = Pods;
			sourceTree = "<group>";
		};
		8ECAB77E221420E600077761 /* Utils */ = {
			isa = PBXGroup;
			children = (
				8E90246F22705EC00058A549 /* LinearRegresion.swift */,
				8E8205A3222329350047C4CE /* DoubleExtension.swift */,
				8ECAB77F221420FF00077761 /* AlertHelper.swift */,
				8E8205A5222330390047C4CE /* SplineHelper.swift */,
				8EBA7C7F2223E85600EF43D5 /* GRSh.swift */,
				8ECFD0052225241B007DB76B /* CUSUM.swift */,
				8ECFD00722252994007DB76B /* DecompositionChecker.swift */,
				8E50473E22913879002FA00B /* GraphManager.swift */,
			);
			path = Utils;
			sourceTree = "<group>";
		};
		8ED62640220C8FC700C7D41B = {
			isa = PBXGroup;
			children = (
				8ED6264B220C8FC700C7D41B /* IntelAnalysis */,
				8ED6264A220C8FC700C7D41B /* Products */,
				2E02F6B006C016E9C6A29550 /* Pods */,
				CE202F4DF5EC4BBF7BE1C82C /* Frameworks */,
			);
			sourceTree = "<group>";
		};
		8ED6264A220C8FC700C7D41B /* Products */ = {
			isa = PBXGroup;
			children = (
				8ED62649220C8FC700C7D41B /* IntelAnalysis.app */,
			);
			name = Products;
			sourceTree = "<group>";
		};
		8ED6264B220C8FC700C7D41B /* IntelAnalysis */ = {
			isa = PBXGroup;
			children = (
				8ECAB77E221420E600077761 /* Utils */,
				8ED62661220C90EE00C7D41B /* UserInterfase */,
				8ED6265C220C900500C7D41B /* Model */,
				8ED6264C220C8FC700C7D41B /* AppDelegate.swift */,
				8ED62650220C8FC800C7D41B /* Assets.xcassets */,
				8ED62655220C8FC800C7D41B /* Info.plist */,
				8ED62656220C8FC800C7D41B /* IntelAnalysis.entitlements */,
			);
			path = IntelAnalysis;
			sourceTree = "<group>";
		};
		8ED6265C220C900500C7D41B /* Model */ = {
			isa = PBXGroup;
			children = (
				8E8205A7222337FD0047C4CE /* Matrix.swift */,
				8ED6265D220C903600C7D41B /* Quantil.swift */,
				8ED6265E220C903600C7D41B /* Selection.swift */,
				8EB7276422908FEE00A7DE2F /* Point.swift */,
				8E50473C229137FD002FA00B /* PointWithD.swift */,
				8E504742229194B0002FA00B /* GistogramModel.swift */,
			);
			path = Model;
			sourceTree = "<group>";
		};
		8ED62661220C90EE00C7D41B /* UserInterfase */ = {
			isa = PBXGroup;
			children = (
				8ED62662220C90FA00C7D41B /* Main */,
			);
			path = UserInterfase;
			sourceTree = "<group>";
		};
		8ED62662220C90FA00C7D41B /* Main */ = {
			isa = PBXGroup;
			children = (
				8ED62652220C8FC800C7D41B /* Main.storyboard */,
				8ED6264E220C8FC700C7D41B /* ViewController.swift */,
			);
			path = Main;
			sourceTree = "<group>";
		};
		CE202F4DF5EC4BBF7BE1C82C /* Frameworks */ = {
			isa = PBXGroup;
			children = (
				94BF82376D8DED2405BADEB0 /* Pods_IntelAnalysis.framework */,
			);
			name = Frameworks;
			sourceTree = "<group>";
		};
/* End PBXGroup section */

/* Begin PBXNativeTarget section */
		8ED62648220C8FC700C7D41B /* IntelAnalysis */ = {
			isa = PBXNativeTarget;
			buildConfigurationList = 8ED62659220C8FC800C7D41B /* Build configuration list for PBXNativeTarget "IntelAnalysis" */;
			buildPhases = (
				57AF06287CFCD6CC4322397B /* [CP] Check Pods Manifest.lock */,
				8ED62645220C8FC700C7D41B /* Sources */,
				8ED62646220C8FC700C7D41B /* Frameworks */,
				8ED62647220C8FC700C7D41B /* Resources */,
				DCA1D77F93800610FD0E764C /* [CP] Embed Pods Frameworks */,
			);
			buildRules = (
			);
			dependencies = (
			);
			name = IntelAnalysis;
			productName = IntelAnalysis;
			productReference = 8ED62649220C8FC700C7D41B /* IntelAnalysis.app */;
			productType = "com.apple.product-type.application";
		};
/* End PBXNativeTarget section */

/* Begin PBXProject section */
		8ED62641220C8FC700C7D41B /* Project object */ = {
			isa = PBXProject;
			attributes = {
				LastSwiftUpdateCheck = 1010;
				LastUpgradeCheck = 1010;
				ORGANIZATIONNAME = "Mary Gerina";
				TargetAttributes = {
					8ED62648220C8FC700C7D41B = {
						CreatedOnToolsVersion = 10.1;
					};
				};
			};
			buildConfigurationList = 8ED62644220C8FC700C7D41B /* Build configuration list for PBXProject "IntelAnalysis" */;
			compatibilityVersion = "Xcode 9.3";
			developmentRegion = en;
			hasScannedForEncodings = 0;
			knownRegions = (
				en,
				Base,
			);
			mainGroup = 8ED62640220C8FC700C7D41B;
			productRefGroup = 8ED6264A220C8FC700C7D41B /* Products */;
			projectDirPath = "";
			projectRoot = "";
			targets = (
				8ED62648220C8FC700C7D41B /* IntelAnalysis */,
			);
		};
/* End PBXProject section */

/* Begin PBXResourcesBuildPhase section */
		8ED62647220C8FC700C7D41B /* Resources */ = {
			isa = PBXResourcesBuildPhase;
			buildActionMask = 2147483647;
			files = (
				8ED62651220C8FC800C7D41B /* Assets.xcassets in Resources */,
				8ED62654220C8FC800C7D41B /* Main.storyboard in Resources */,
			);
			runOnlyForDeploymentPostprocessing = 0;
		};
/* End PBXResourcesBuildPhase section */

/* Begin PBXShellScriptBuildPhase section */
		57AF06287CFCD6CC4322397B /* [CP] Check Pods Manifest.lock */ = {
			isa = PBXShellScriptBuildPhase;
			buildActionMask = 2147483647;
			files = (
			);
			inputFileListPaths = (
			);
			inputPaths = (
				"${PODS_PODFILE_DIR_PATH}/Podfile.lock",
				"${PODS_ROOT}/Manifest.lock",
			);
			name = "[CP] Check Pods Manifest.lock";
			outputFileListPaths = (
			);
			outputPaths = (
				"$(DERIVED_FILE_DIR)/Pods-IntelAnalysis-checkManifestLockResult.txt",
			);
			runOnlyForDeploymentPostprocessing = 0;
			shellPath = /bin/sh;
			shellScript = "diff \"${PODS_PODFILE_DIR_PATH}/Podfile.lock\" \"${PODS_ROOT}/Manifest.lock\" > /dev/null\nif [ $? != 0 ] ; then\n    # print error to STDERR\n    echo \"error: The sandbox is not in sync with the Podfile.lock. Run 'pod install' or update your CocoaPods installation.\" >&2\n    exit 1\nfi\n# This output is used by Xcode 'outputs' to avoid re-running this script phase.\necho \"SUCCESS\" > \"${SCRIPT_OUTPUT_FILE_0}\"\n";
			showEnvVarsInLog = 0;
		};
		DCA1D77F93800610FD0E764C /* [CP] Embed Pods Frameworks */ = {
			isa = PBXShellScriptBuildPhase;
			buildActionMask = 2147483647;
			files = (
			);
			inputFileListPaths = (
			);
			inputPaths = (
				"${PODS_ROOT}/Target Support Files/Pods-IntelAnalysis/Pods-IntelAnalysis-frameworks.sh",
				"${BUILT_PRODUCTS_DIR}/Charts/Charts.framework",
			);
			name = "[CP] Embed Pods Frameworks";
			outputFileListPaths = (
			);
			outputPaths = (
				"${TARGET_BUILD_DIR}/${FRAMEWORKS_FOLDER_PATH}/Charts.framework",
			);
			runOnlyForDeploymentPostprocessing = 0;
			shellPath = /bin/sh;
			shellScript = "\"${PODS_ROOT}/Target Support Files/Pods-IntelAnalysis/Pods-IntelAnalysis-frameworks.sh\"\n";
			showEnvVarsInLog = 0;
		};
/* End PBXShellScriptBuildPhase section */

/* Begin PBXSourcesBuildPhase section */
		8ED62645220C8FC700C7D41B /* Sources */ = {
			isa = PBXSourcesBuildPhase;
			buildActionMask = 2147483647;
			files = (
				8E8205A6222330390047C4CE /* SplineHelper.swift in Sources */,
				8ECFD0062225241B007DB76B /* CUSUM.swift in Sources */,
				8ECFD00822252994007DB76B /* DecompositionChecker.swift in Sources */,
				8E8205A4222329350047C4CE /* DoubleExtension.swift in Sources */,
				8EB7276522908FEE00A7DE2F /* Point.swift in Sources */,
				8EBA7C802223E85600EF43D5 /* GRSh.swift in Sources */,
				8ED62660220C903600C7D41B /* Selection.swift in Sources */,
				8E50473D229137FD002FA00B /* PointWithD.swift in Sources */,
				8ED6264F220C8FC700C7D41B /* ViewController.swift in Sources */,
				8E8205A8222337FD0047C4CE /* Matrix.swift in Sources */,
				8ED6264D220C8FC700C7D41B /* AppDelegate.swift in Sources */,
				8E90247022705EC00058A549 /* LinearRegresion.swift in Sources */,
				8E50473F22913879002FA00B /* GraphManager.swift in Sources */,
				8E504743229194B0002FA00B /* GistogramModel.swift in Sources */,
				8ECAB780221420FF00077761 /* AlertHelper.swift in Sources */,
				8ED6265F220C903600C7D41B /* Quantil.swift in Sources */,
			);
			runOnlyForDeploymentPostprocessing = 0;
		};
/* End PBXSourcesBuildPhase section */

/* Begin PBXVariantGroup section */
		8ED62652220C8FC800C7D41B /* Main.storyboard */ = {
			isa = PBXVariantGroup;
			children = (
				8ED62653220C8FC800C7D41B /* Base */,
			);
			name = Main.storyboard;
			sourceTree = "<group>";
		};
/* End PBXVariantGroup section */

/* Begin XCBuildConfiguration section */
		8ED62657220C8FC800C7D41B /* Debug */ = {
			isa = XCBuildConfiguration;
			buildSettings = {
				ALWAYS_SEARCH_USER_PATHS = NO;
				CLANG_ANALYZER_NONNULL = YES;
				CLANG_ANALYZER_NUMBER_OBJECT_CONVERSION = YES_AGGRESSIVE;
				CLANG_CXX_LANGUAGE_STANDARD = "gnu++14";
				CLANG_CXX_LIBRARY = "libc++";
				CLANG_ENABLE_MODULES = YES;
				CLANG_ENABLE_OBJC_ARC = YES;
				CLANG_ENABLE_OBJC_WEAK = YES;
				CLANG_WARN_BLOCK_CAPTURE_AUTORELEASING = YES;
				CLANG_WARN_BOOL_CONVERSION = YES;
				CLANG_WARN_COMMA = YES;
				CLANG_WARN_CONSTANT_CONVERSION = YES;
				CLANG_WARN_DEPRECATED_OBJC_IMPLEMENTATIONS = YES;
				CLANG_WARN_DIRECT_OBJC_ISA_USAGE = YES_ERROR;
				CLANG_WARN_DOCUMENTATION_COMMENTS = YES;
				CLANG_WARN_EMPTY_BODY = YES;
				CLANG_WARN_ENUM_CONVERSION = YES;
				CLANG_WARN_INFINITE_RECURSION = YES;
				CLANG_WARN_INT_CONVERSION = YES;
				CLANG_WARN_NON_LITERAL_NULL_CONVERSION = YES;
				CLANG_WARN_OBJC_IMPLICIT_RETAIN_SELF = YES;
				CLANG_WARN_OBJC_LITERAL_CONVERSION = YES;
				CLANG_WARN_OBJC_ROOT_CLASS = YES_ERROR;
				CLANG_WARN_RANGE_LOOP_ANALYSIS = YES;
				CLANG_WARN_STRICT_PROTOTYPES = YES;
				CLANG_WARN_SUSPICIOUS_MOVE = YES;
				CLANG_WARN_UNGUARDED_AVAILABILITY = YES_AGGRESSIVE;
				CLANG_WARN_UNREACHABLE_CODE = YES;
				CLANG_WARN__DUPLICATE_METHOD_MATCH = YES;
				CODE_SIGN_IDENTITY = "Mac Developer";
				COPY_PHASE_STRIP = NO;
				DEBUG_INFORMATION_FORMAT = dwarf;
				ENABLE_STRICT_OBJC_MSGSEND = YES;
				ENABLE_TESTABILITY = YES;
				GCC_C_LANGUAGE_STANDARD = gnu11;
				GCC_DYNAMIC_NO_PIC = NO;
				GCC_NO_COMMON_BLOCKS = YES;
				GCC_OPTIMIZATION_LEVEL = 0;
				GCC_PREPROCESSOR_DEFINITIONS = (
					"DEBUG=1",
					"$(inherited)",
				);
				GCC_WARN_64_TO_32_BIT_CONVERSION = YES;
				GCC_WARN_ABOUT_RETURN_TYPE = YES_ERROR;
				GCC_WARN_UNDECLARED_SELECTOR = YES;
				GCC_WARN_UNINITIALIZED_AUTOS = YES_AGGRESSIVE;
				GCC_WARN_UNUSED_FUNCTION = YES;
				GCC_WARN_UNUSED_VARIABLE = YES;
				MACOSX_DEPLOYMENT_TARGET = 10.14;
				MTL_ENABLE_DEBUG_INFO = INCLUDE_SOURCE;
				MTL_FAST_MATH = YES;
				ONLY_ACTIVE_ARCH = YES;
				SDKROOT = macosx;
				SWIFT_ACTIVE_COMPILATION_CONDITIONS = DEBUG;
				SWIFT_OPTIMIZATION_LEVEL = "-Onone";
			};
			name = Debug;
		};
		8ED62658220C8FC800C7D41B /* Release */ = {
			isa = XCBuildConfiguration;
			buildSettings = {
				ALWAYS_SEARCH_USER_PATHS = NO;
				CLANG_ANALYZER_NONNULL = YES;
				CLANG_ANALYZER_NUMBER_OBJECT_CONVERSION = YES_AGGRESSIVE;
				CLANG_CXX_LANGUAGE_STANDARD = "gnu++14";
				CLANG_CXX_LIBRARY = "libc++";
				CLANG_ENABLE_MODULES = YES;
				CLANG_ENABLE_OBJC_ARC = YES;
				CLANG_ENABLE_OBJC_WEAK = YES;
				CLANG_WARN_BLOCK_CAPTURE_AUTORELEASING = YES;
				CLANG_WARN_BOOL_CONVERSION = YES;
				CLANG_WARN_COMMA = YES;
				CLANG_WARN_CONSTANT_CONVERSION = YES;
				CLANG_WARN_DEPRECATED_OBJC_IMPLEMENTATIONS = YES;
				CLANG_WARN_DIRECT_OBJC_ISA_USAGE = YES_ERROR;
				CLANG_WARN_DOCUMENTATION_COMMENTS = YES;
				CLANG_WARN_EMPTY_BODY = YES;
				CLANG_WARN_ENUM_CONVERSION = YES;
				CLANG_WARN_INFINITE_RECURSION = YES;
				CLANG_WARN_INT_CONVERSION = YES;
				CLANG_WARN_NON_LITERAL_NULL_CONVERSION = YES;
				CLANG_WARN_OBJC_IMPLICIT_RETAIN_SELF = YES;
				CLANG_WARN_OBJC_LITERAL_CONVERSION = YES;
				CLANG_WARN_OBJC_ROOT_CLASS = YES_ERROR;
				CLANG_WARN_RANGE_LOOP_ANALYSIS = YES;
				CLANG_WARN_STRICT_PROTOTYPES = YES;
				CLANG_WARN_SUSPICIOUS_MOVE = YES;
				CLANG_WARN_UNGUARDED_AVAILABILITY = YES_AGGRESSIVE;
				CLANG_WARN_UNREACHABLE_CODE = YES;
				CLANG_WARN__DUPLICATE_METHOD_MATCH = YES;
				CODE_SIGN_IDENTITY = "Mac Developer";
				COPY_PHASE_STRIP = NO;
				DEBUG_INFORMATION_FORMAT = "dwarf-with-dsym";
				ENABLE_NS_ASSERTIONS = NO;
				ENABLE_STRICT_OBJC_MSGSEND = YES;
				GCC_C_LANGUAGE_STANDARD = gnu11;
				GCC_NO_COMMON_BLOCKS = YES;
				GCC_WARN_64_TO_32_BIT_CONVERSION = YES;
				GCC_WARN_ABOUT_RETURN_TYPE = YES_ERROR;
				GCC_WARN_UNDECLARED_SELECTOR = YES;
				GCC_WARN_UNINITIALIZED_AUTOS = YES_AGGRESSIVE;
				GCC_WARN_UNUSED_FUNCTION = YES;
				GCC_WARN_UNUSED_VARIABLE = YES;
				MACOSX_DEPLOYMENT_TARGET = 10.14;
				MTL_ENABLE_DEBUG_INFO = NO;
				MTL_FAST_MATH = YES;
				SDKROOT = macosx;
				SWIFT_COMPILATION_MODE = wholemodule;
				SWIFT_OPTIMIZATION_LEVEL = "-O";
			};
			name = Release;
		};
		8ED6265A220C8FC800C7D41B /* Debug */ = {
			isa = XCBuildConfiguration;
			baseConfigurationReference = CE7E5FD9CF9A3906A86731FD /* Pods-IntelAnalysis.debug.xcconfig */;
			buildSettings = {
				ASSETCATALOG_COMPILER_APPICON_NAME = AppIcon;
				CODE_SIGN_ENTITLEMENTS = IntelAnalysis/IntelAnalysis.entitlements;
				CODE_SIGN_STYLE = Automatic;
				COMBINE_HIDPI_IMAGES = YES;
				DEVELOPMENT_TEAM = X657VTA3ND;
				INFOPLIST_FILE = IntelAnalysis/Info.plist;
				LD_RUNPATH_SEARCH_PATHS = (
					"$(inherited)",
					"@executable_path/../Frameworks",
				);
				PRODUCT_BUNDLE_IDENTIFIER = com.gmary.IntelAnalysis;
				PRODUCT_NAME = "$(TARGET_NAME)";
				SWIFT_VERSION = 4.2;
			};
			name = Debug;
		};
		8ED6265B220C8FC800C7D41B /* Release */ = {
			isa = XCBuildConfiguration;
			baseConfigurationReference = 7E296AB29C23F09426AD3F18 /* Pods-IntelAnalysis.release.xcconfig */;
			buildSettings = {
				ASSETCATALOG_COMPILER_APPICON_NAME = AppIcon;
				CODE_SIGN_ENTITLEMENTS = IntelAnalysis/IntelAnalysis.entitlements;
				CODE_SIGN_STYLE = Automatic;
				COMBINE_HIDPI_IMAGES = YES;
				DEVELOPMENT_TEAM = X657VTA3ND;
				INFOPLIST_FILE = IntelAnalysis/Info.plist;
				LD_RUNPATH_SEARCH_PATHS = (
					"$(inherited)",
					"@executable_path/../Frameworks",
				);
				PRODUCT_BUNDLE_IDENTIFIER = com.gmary.IntelAnalysis;
				PRODUCT_NAME = "$(TARGET_NAME)";
				SWIFT_VERSION = 4.2;
			};
			name = Release;
		};
/* End XCBuildConfiguration section */

/* Begin XCConfigurationList section */
		8ED62644220C8FC700C7D41B /* Build configuration list for PBXProject "IntelAnalysis" */ = {
			isa = XCConfigurationList;
			buildConfigurations = (
				8ED62657220C8FC800C7D41B /* Debug */,
				8ED62658220C8FC800C7D41B /* Release */,
			);
			defaultConfigurationIsVisible = 0;
			defaultConfigurationName = Release;
		};
		8ED62659220C8FC800C7D41B /* Build configuration list for PBXNativeTarget "IntelAnalysis" */ = {
			isa = XCConfigurationList;
			buildConfigurations = (
				8ED6265A220C8FC800C7D41B /* Debug */,
				8ED6265B220C8FC800C7D41B /* Release */,
			);
			defaultConfigurationIsVisible = 0;
			defaultConfigurationName = Release;
		};
/* End XCConfigurationList section */
	};
	rootObject = 8ED62641220C8FC700C7D41B /* Project object */;
}
